// !$*UTF8*$!
{
	archiveVersion = 1;
	classes = {
	};
	objectVersion = 46;
	objects = {

/* Begin PBXBuildFile section */
		6B5BE1881C52BE1A00985D73 /* AppDelegate.swift in Sources */ = {isa = PBXBuildFile; fileRef = 6B5BE1871C52BE1A00985D73 /* AppDelegate.swift */; };
		6B5BE18A1C52BE1A00985D73 /* ViewController.swift in Sources */ = {isa = PBXBuildFile; fileRef = 6B5BE1891C52BE1A00985D73 /* ViewController.swift */; };
		6B5BE18D1C52BE1A00985D73 /* Main.storyboard in Resources */ = {isa = PBXBuildFile; fileRef = 6B5BE18B1C52BE1A00985D73 /* Main.storyboard */; };
		6B5BE18F1C52BE1A00985D73 /* Assets.xcassets in Resources */ = {isa = PBXBuildFile; fileRef = 6B5BE18E1C52BE1A00985D73 /* Assets.xcassets */; };
		6B5BE1921C52BE1A00985D73 /* LaunchScreen.storyboard in Resources */ = {isa = PBXBuildFile; fileRef = 6B5BE1901C52BE1A00985D73 /* LaunchScreen.storyboard */; };
		6B5BE19D1C52BE1A00985D73 /* ______Tests.swift in Sources */ = {isa = PBXBuildFile; fileRef = 6B5BE19C1C52BE1A00985D73 /* ______Tests.swift */; };
		6B5BE1A81C52BE1A00985D73 /* ______UITests.swift in Sources */ = {isa = PBXBuildFile; fileRef = 6B5BE1A71C52BE1A00985D73 /* ______UITests.swift */; };
/* End PBXBuildFile section */

/* Begin PBXContainerItemProxy section */
		6B5BE1991C52BE1A00985D73 /* PBXContainerItemProxy */ = {
			isa = PBXContainerItemProxy;
			containerPortal = 6B5BE17C1C52BE1A00985D73 /* Project object */;
			proxyType = 1;
			remoteGlobalIDString = 6B5BE1831C52BE1A00985D73;
			remoteInfo = "日本語の勉強";
		};
		6B5BE1A41C52BE1A00985D73 /* PBXContainerItemProxy */ = {
			isa = PBXContainerItemProxy;
			containerPortal = 6B5BE17C1C52BE1A00985D73 /* Project object */;
			proxyType = 1;
			remoteGlobalIDString = 6B5BE1831C52BE1A00985D73;
			remoteInfo = "日本語の勉強";
		};
/* End PBXContainerItemProxy section */

/* Begin PBXFileReference section */
		6B5BE1841C52BE1A00985D73 /* 日本語の勉強.app */ = {isa = PBXFileReference; explicitFileType = wrapper.application; includeInIndex = 0; path = "日本語の勉強.app"; sourceTree = BUILT_PRODUCTS_DIR; };
		6B5BE1871C52BE1A00985D73 /* AppDelegate.swift */ = {isa = PBXFileReference; lastKnownFileType = sourcecode.swift; path = AppDelegate.swift; sourceTree = "<group>"; };
		6B5BE1891C52BE1A00985D73 /* ViewController.swift */ = {isa = PBXFileReference; lastKnownFileType = sourcecode.swift; path = ViewController.swift; sourceTree = "<group>"; };
		6B5BE18C1C52BE1A00985D73 /* Base */ = {isa = PBXFileReference; lastKnownFileType = file.storyboard; name = Base; path = Base.lproj/Main.storyboard; sourceTree = "<group>"; };
		6B5BE18E1C52BE1A00985D73 /* Assets.xcassets */ = {isa = PBXFileReference; lastKnownFileType = folder.assetcatalog; path = Assets.xcassets; sourceTree = "<group>"; };
		6B5BE1911C52BE1A00985D73 /* Base */ = {isa = PBXFileReference; lastKnownFileType = file.storyboard; name = Base; path = Base.lproj/LaunchScreen.storyboard; sourceTree = "<group>"; };
		6B5BE1931C52BE1A00985D73 /* Info.plist */ = {isa = PBXFileReference; lastKnownFileType = text.plist.xml; path = Info.plist; sourceTree = "<group>"; };
		6B5BE1981C52BE1A00985D73 /* 日本語の勉強Tests.xctest */ = {isa = PBXFileReference; explicitFileType = wrapper.cfbundle; includeInIndex = 0; path = "日本語の勉強Tests.xctest"; sourceTree = BUILT_PRODUCTS_DIR; };
		6B5BE19C1C52BE1A00985D73 /* ______Tests.swift */ = {isa = PBXFileReference; lastKnownFileType = sourcecode.swift; path = "______Tests.swift"; sourceTree = "<group>"; };
		6B5BE19E1C52BE1A00985D73 /* Info.plist */ = {isa = PBXFileReference; lastKnownFileType = text.plist.xml; path = Info.plist; sourceTree = "<group>"; };
		6B5BE1A31C52BE1A00985D73 /* 日本語の勉強UITests.xctest */ = {isa = PBXFileReference; explicitFileType = wrapper.cfbundle; includeInIndex = 0; path = "日本語の勉強UITests.xctest"; sourceTree = BUILT_PRODUCTS_DIR; };
		6B5BE1A71C52BE1A00985D73 /* ______UITests.swift */ = {isa = PBXFileReference; lastKnownFileType = sourcecode.swift; path = "______UITests.swift"; sourceTree = "<group>"; };
		6B5BE1A91C52BE1A00985D73 /* Info.plist */ = {isa = PBXFileReference; lastKnownFileType = text.plist.xml; path = Info.plist; sourceTree = "<group>"; };
/* End PBXFileReference section */

/* Begin PBXFrameworksBuildPhase section */
		6B5BE1811C52BE1A00985D73 /* Frameworks */ = {
			isa = PBXFrameworksBuildPhase;
			buildActionMask = 2147483647;
			files = (
			);
			runOnlyForDeploymentPostprocessing = 0;
		};
		6B5BE1951C52BE1A00985D73 /* Frameworks */ = {
			isa = PBXFrameworksBuildPhase;
			buildActionMask = 2147483647;
			files = (
			);
			runOnlyForDeploymentPostprocessing = 0;
		};
		6B5BE1A01C52BE1A00985D73 /* Frameworks */ = {
			isa = PBXFrameworksBuildPhase;
			buildActionMask = 2147483647;
			files = (
			);
			runOnlyForDeploymentPostprocessing = 0;
		};
/* End PBXFrameworksBuildPhase section */

/* Begin PBXGroup section */
		6B5BE17B1C52BE1A00985D73 = {
			isa = PBXGroup;
			children = (
				6B5BE1861C52BE1A00985D73 /* 日本語の勉強 */,
				6B5BE19B1C52BE1A00985D73 /* 日本語の勉強Tests */,
				6B5BE1A61C52BE1A00985D73 /* 日本語の勉強UITests */,
				6B5BE1851C52BE1A00985D73 /* Products */,
			);
			sourceTree = "<group>";
		};
		6B5BE1851C52BE1A00985D73 /* Products */ = {
			isa = PBXGroup;
			children = (
				6B5BE1841C52BE1A00985D73 /* 日本語の勉強.app */,
				6B5BE1981C52BE1A00985D73 /* 日本語の勉強Tests.xctest */,
				6B5BE1A31C52BE1A00985D73 /* 日本語の勉強UITests.xctest */,
			);
			name = Products;
			sourceTree = "<group>";
		};
		6B5BE1861C52BE1A00985D73 /* 日本語の勉強 */ = {
			isa = PBXGroup;
			children = (
				6B5BE1871C52BE1A00985D73 /* AppDelegate.swift */,
				6B5BE1891C52BE1A00985D73 /* ViewController.swift */,
				6B5BE18B1C52BE1A00985D73 /* Main.storyboard */,
				6B5BE18E1C52BE1A00985D73 /* Assets.xcassets */,
				6B5BE1901C52BE1A00985D73 /* LaunchScreen.storyboard */,
				6B5BE1931C52BE1A00985D73 /* Info.plist */,
			);
			path = "日本語の勉強";
			sourceTree = "<group>";
		};
		6B5BE19B1C52BE1A00985D73 /* 日本語の勉強Tests */ = {
			isa = PBXGroup;
			children = (
				6B5BE19C1C52BE1A00985D73 /* ______Tests.swift */,
				6B5BE19E1C52BE1A00985D73 /* Info.plist */,
			);
			path = "日本語の勉強Tests";
			sourceTree = "<group>";
		};
		6B5BE1A61C52BE1A00985D73 /* 日本語の勉強UITests */ = {
			isa = PBXGroup;
			children = (
				6B5BE1A71C52BE1A00985D73 /* ______UITests.swift */,
				6B5BE1A91C52BE1A00985D73 /* Info.plist */,
			);
			path = "日本語の勉強UITests";
			sourceTree = "<group>";
		};
/* End PBXGroup section */

/* Begin PBXNativeTarget section */
		6B5BE1831C52BE1A00985D73 /* 日本語の勉強 */ = {
			isa = PBXNativeTarget;
			buildConfigurationList = 6B5BE1AC1C52BE1A00985D73 /* Build configuration list for PBXNativeTarget "日本語の勉強" */;
			buildPhases = (
				6B5BE1801C52BE1A00985D73 /* Sources */,
				6B5BE1811C52BE1A00985D73 /* Frameworks */,
				6B5BE1821C52BE1A00985D73 /* Resources */,
			);
			buildRules = (
			);
			dependencies = (
			);
			name = "日本語の勉強";
			productName = "日本語の勉強";
			productReference = 6B5BE1841C52BE1A00985D73 /* 日本語の勉強.app */;
			productType = "com.apple.product-type.application";
		};
		6B5BE1971C52BE1A00985D73 /* 日本語の勉強Tests */ = {
			isa = PBXNativeTarget;
			buildConfigurationList = 6B5BE1AF1C52BE1A00985D73 /* Build configuration list for PBXNativeTarget "日本語の勉強Tests" */;
			buildPhases = (
				6B5BE1941C52BE1A00985D73 /* Sources */,
				6B5BE1951C52BE1A00985D73 /* Frameworks */,
				6B5BE1961C52BE1A00985D73 /* Resources */,
			);
			buildRules = (
			);
			dependencies = (
				6B5BE19A1C52BE1A00985D73 /* PBXTargetDependency */,
			);
			name = "日本語の勉強Tests";
			productName = "日本語の勉強Tests";
			productReference = 6B5BE1981C52BE1A00985D73 /* 日本語の勉強Tests.xctest */;
			productType = "com.apple.product-type.bundle.unit-test";
		};
		6B5BE1A21C52BE1A00985D73 /* 日本語の勉強UITests */ = {
			isa = PBXNativeTarget;
			buildConfigurationList = 6B5BE1B21C52BE1A00985D73 /* Build configuration list for PBXNativeTarget "日本語の勉強UITests" */;
			buildPhases = (
				6B5BE19F1C52BE1A00985D73 /* Sources */,
				6B5BE1A01C52BE1A00985D73 /* Frameworks */,
				6B5BE1A11C52BE1A00985D73 /* Resources */,
			);
			buildRules = (
			);
			dependencies = (
				6B5BE1A51C52BE1A00985D73 /* PBXTargetDependency */,
			);
			name = "日本語の勉強UITests";
			productName = "日本語の勉強UITests";
			productReference = 6B5BE1A31C52BE1A00985D73 /* 日本語の勉強UITests.xctest */;
			productType = "com.apple.product-type.bundle.ui-testing";
		};
/* End PBXNativeTarget section */

/* Begin PBXProject section */
		6B5BE17C1C52BE1A00985D73 /* Project object */ = {
			isa = PBXProject;
			attributes = {
				LastSwiftUpdateCheck = 0720;
				LastUpgradeCheck = 0720;
				ORGANIZATIONNAME = suncihai;
				TargetAttributes = {
					6B5BE1831C52BE1A00985D73 = {
						CreatedOnToolsVersion = 7.2;
					};
					6B5BE1971C52BE1A00985D73 = {
						CreatedOnToolsVersion = 7.2;
						TestTargetID = 6B5BE1831C52BE1A00985D73;
					};
					6B5BE1A21C52BE1A00985D73 = {
						CreatedOnToolsVersion = 7.2;
						TestTargetID = 6B5BE1831C52BE1A00985D73;
					};
				};
			};
			buildConfigurationList = 6B5BE17F1C52BE1A00985D73 /* Build configuration list for PBXProject "日本語の勉強" */;
			compatibilityVersion = "Xcode 3.2";
			developmentRegion = English;
			hasScannedForEncodings = 0;
			knownRegions = (
				en,
				Base,
			);
			mainGroup = 6B5BE17B1C52BE1A00985D73;
			productRefGroup = 6B5BE1851C52BE1A00985D73 /* Products */;
			projectDirPath = "";
			projectRoot = "";
			targets = (
				6B5BE1831C52BE1A00985D73 /* 日本語の勉強 */,
				6B5BE1971C52BE1A00985D73 /* 日本語の勉強Tests */,
				6B5BE1A21C52BE1A00985D73 /* 日本語の勉強UITests */,
			);
		};
/* End PBXProject section */

/* Begin PBXResourcesBuildPhase section */
		6B5BE1821C52BE1A00985D73 /* Resources */ = {
			isa = PBXResourcesBuildPhase;
			buildActionMask = 2147483647;
			files = (
				6B5BE1921C52BE1A00985D73 /* LaunchScreen.storyboard in Resources */,
				6B5BE18F1C52BE1A00985D73 /* Assets.xcassets in Resources */,
				6B5BE18D1C52BE1A00985D73 /* Main.storyboard in Resources */,
			);
			runOnlyForDeploymentPostprocessing = 0;
		};
		6B5BE1961C52BE1A00985D73 /* Resources */ = {
			isa = PBXResourcesBuildPhase;
			buildActionMask = 2147483647;
			files = (
			);
			runOnlyForDeploymentPostprocessing = 0;
		};
		6B5BE1A11C52BE1A00985D73 /* Resources */ = {
			isa = PBXResourcesBuildPhase;
			buildActionMask = 2147483647;
			files = (
			);
			runOnlyForDeploymentPostprocessing = 0;
		};
/* End PBXResourcesBuildPhase section */

/* Begin PBXSourcesBuildPhase section */
		6B5BE1801C52BE1A00985D73 /* Sources */ = {
			isa = PBXSourcesBuildPhase;
			buildActionMask = 2147483647;
			files = (
				6B5BE18A1C52BE1A00985D73 /* ViewController.swift in Sources */,
				6B5BE1881C52BE1A00985D73 /* AppDelegate.swift in Sources */,
			);
			runOnlyForDeploymentPostprocessing = 0;
		};
		6B5BE1941C52BE1A00985D73 /* Sources */ = {
			isa = PBXSourcesBuildPhase;
			buildActionMask = 2147483647;
			files = (
				6B5BE19D1C52BE1A00985D73 /* ______Tests.swift in Sources */,
			);
			runOnlyForDeploymentPostprocessing = 0;
		};
		6B5BE19F1C52BE1A00985D73 /* Sources */ = {
			isa = PBXSourcesBuildPhase;
			buildActionMask = 2147483647;
			files = (
				6B5BE1A81C52BE1A00985D73 /* ______UITests.swift in Sources */,
			);
			runOnlyForDeploymentPostprocessing = 0;
		};
/* End PBXSourcesBuildPhase section */

/* Begin PBXTargetDependency section */
		6B5BE19A1C52BE1A00985D73 /* PBXTargetDependency */ = {
			isa = PBXTargetDependency;
			target = 6B5BE1831C52BE1A00985D73 /* 日本語の勉強 */;
			targetProxy = 6B5BE1991C52BE1A00985D73 /* PBXContainerItemProxy */;
		};
		6B5BE1A51C52BE1A00985D73 /* PBXTargetDependency */ = {
			isa = PBXTargetDependency;
			target = 6B5BE1831C52BE1A00985D73 /* 日本語の勉強 */;
			targetProxy = 6B5BE1A41C52BE1A00985D73 /* PBXContainerItemProxy */;
		};
/* End PBXTargetDependency section */

/* Begin PBXVariantGroup section */
		6B5BE18B1C52BE1A00985D73 /* Main.storyboard */ = {
			isa = PBXVariantGroup;
			children = (
				6B5BE18C1C52BE1A00985D73 /* Base */,
			);
			name = Main.storyboard;
			sourceTree = "<group>";
		};
		6B5BE1901C52BE1A00985D73 /* LaunchScreen.storyboard */ = {
			isa = PBXVariantGroup;
			children = (
				6B5BE1911C52BE1A00985D73 /* Base */,
			);
			name = LaunchScreen.storyboard;
			sourceTree = "<group>";
		};
/* End PBXVariantGroup section */

/* Begin XCBuildConfiguration section */
		6B5BE1AA1C52BE1A00985D73 /* Debug */ = {
			isa = XCBuildConfiguration;
			buildSettings = {
				ALWAYS_SEARCH_USER_PATHS = NO;
				CLANG_CXX_LANGUAGE_STANDARD = "gnu++0x";
				CLANG_CXX_LIBRARY = "libc++";
				CLANG_ENABLE_MODULES = YES;
				CLANG_ENABLE_OBJC_ARC = YES;
				CLANG_WARN_BOOL_CONVERSION = YES;
				CLANG_WARN_CONSTANT_CONVERSION = YES;
				CLANG_WARN_DIRECT_OBJC_ISA_USAGE = YES_ERROR;
				CLANG_WARN_EMPTY_BODY = YES;
				CLANG_WARN_ENUM_CONVERSION = YES;
				CLANG_WARN_INT_CONVERSION = YES;
				CLANG_WARN_OBJC_ROOT_CLASS = YES_ERROR;
				CLANG_WARN_UNREACHABLE_CODE = YES;
				CLANG_WARN__DUPLICATE_METHOD_MATCH = YES;
				"CODE_SIGN_IDENTITY[sdk=iphoneos*]" = "iPhone Developer";
				COPY_PHASE_STRIP = NO;
				DEBUG_INFORMATION_FORMAT = dwarf;
				ENABLE_STRICT_OBJC_MSGSEND = YES;
				ENABLE_TESTABILITY = YES;
				GCC_C_LANGUAGE_STANDARD = gnu99;
				GCC_DYNAMIC_NO_PIC = NO;
				GCC_NO_COMMON_BLOCKS = YES;
				GCC_OPTIMIZATION_LEVEL = 0;
				GCC_PREPROCESSOR_DEFINITIONS = (
					"DEBUG=1",
					"$(inherited)",
				);
				GCC_WARN_64_TO_32_BIT_CONVERSION = YES;
				GCC_WARN_ABOUT_RETURN_TYPE = YES_ERROR;
				GCC_WARN_UNDECLARED_SELECTOR = YES;
				GCC_WARN_UNINITIALIZED_AUTOS = YES_AGGRESSIVE;
				GCC_WARN_UNUSED_FUNCTION = YES;
				GCC_WARN_UNUSED_VARIABLE = YES;
				IPHONEOS_DEPLOYMENT_TARGET = 9.2;
				MTL_ENABLE_DEBUG_INFO = YES;
				ONLY_ACTIVE_ARCH = YES;
				SDKROOT = iphoneos;
				SWIFT_OPTIMIZATION_LEVEL = "-Onone";
			};
			name = Debug;
		};
		6B5BE1AB1C52BE1A00985D73 /* Release */ = {
			isa = XCBuildConfiguration;
			buildSettings = {
				ALWAYS_SEARCH_USER_PATHS = NO;
				CLANG_CXX_LANGUAGE_STANDARD = "gnu++0x";
				CLANG_CXX_LIBRARY = "libc++";
				CLANG_ENABLE_MODULES = YES;
				CLANG_ENABLE_OBJC_ARC = YES;
				CLANG_WARN_BOOL_CONVERSION = YES;
				CLANG_WARN_CONSTANT_CONVERSION = YES;
				CLANG_WARN_DIRECT_OBJC_ISA_USAGE = YES_ERROR;
				CLANG_WARN_EMPTY_BODY = YES;
				CLANG_WARN_ENUM_CONVERSION = YES;
				CLANG_WARN_INT_CONVERSION = YES;
				CLANG_WARN_OBJC_ROOT_CLASS = YES_ERROR;
				CLANG_WARN_UNREACHABLE_CODE = YES;
				CLANG_WARN__DUPLICATE_METHOD_MATCH = YES;
				"CODE_SIGN_IDENTITY[sdk=iphoneos*]" = "iPhone Developer";
				COPY_PHASE_STRIP = NO;
				DEBUG_INFORMATION_FORMAT = "dwarf-with-dsym";
				ENABLE_NS_ASSERTIONS = NO;
				ENABLE_STRICT_OBJC_MSGSEND = YES;
				GCC_C_LANGUAGE_STANDARD = gnu99;
				GCC_NO_COMMON_BLOCKS = YES;
				GCC_WARN_64_TO_32_BIT_CONVERSION = YES;
				GCC_WARN_ABOUT_RETURN_TYPE = YES_ERROR;
				GCC_WARN_UNDECLARED_SELECTOR = YES;
				GCC_WARN_UNINITIALIZED_AUTOS = YES_AGGRESSIVE;
				GCC_WARN_UNUSED_FUNCTION = YES;
				GCC_WARN_UNUSED_VARIABLE = YES;
				IPHONEOS_DEPLOYMENT_TARGET = 9.2;
				MTL_ENABLE_DEBUG_INFO = NO;
				SDKROOT = iphoneos;
				VALIDATE_PRODUCT = YES;
			};
			name = Release;
		};
		6B5BE1AD1C52BE1A00985D73 /* Debug */ = {
			isa = XCBuildConfiguration;
			buildSettings = {
				ASSETCATALOG_COMPILER_APPICON_NAME = AppIcon;
				INFOPLIST_FILE = "日本語の勉強/Info.plist";
				LD_RUNPATH_SEARCH_PATHS = "$(inherited) @executable_path/Frameworks";
				PRODUCT_BUNDLE_IDENTIFIER = "-.------";
				PRODUCT_NAME = "$(TARGET_NAME)";
			};
			name = Debug;
		};
		6B5BE1AE1C52BE1A00985D73 /* Release */ = {
			isa = XCBuildConfiguration;
			buildSettings = {
				ASSETCATALOG_COMPILER_APPICON_NAME = AppIcon;
				INFOPLIST_FILE = "日本語の勉強/Info.plist";
				LD_RUNPATH_SEARCH_PATHS = "$(inherited) @executable_path/Frameworks";
				PRODUCT_BUNDLE_IDENTIFIER = "-.------";
				PRODUCT_NAME = "$(TARGET_NAME)";
			};
			name = Release;
		};
		6B5BE1B01C52BE1A00985D73 /* Debug */ = {
			isa = XCBuildConfiguration;
			buildSettings = {
				BUNDLE_LOADER = "$(TEST_HOST)";
				INFOPLIST_FILE = "日本語の勉強Tests/Info.plist";
				LD_RUNPATH_SEARCH_PATHS = "$(inherited) @executable_path/Frameworks @loader_path/Frameworks";
				PRODUCT_BUNDLE_IDENTIFIER = "-.------Tests";
				PRODUCT_NAME = "$(TARGET_NAME)";
				TEST_HOST = "$(BUILT_PRODUCTS_DIR)/日本語の勉強.app/日本語の勉強";
			};
			name = Debug;
		};
		6B5BE1B11C52BE1A00985D73 /* Release */ = {
			isa = XCBuildConfiguration;
			buildSettings = {
				BUNDLE_LOADER = "$(TEST_HOST)";
				INFOPLIST_FILE = "日本語の勉強Tests/Info.plist";
				LD_RUNPATH_SEARCH_PATHS = "$(inherited) @executable_path/Frameworks @loader_path/Frameworks";
				PRODUCT_BUNDLE_IDENTIFIER = "-.------Tests";
				PRODUCT_NAME = "$(TARGET_NAME)";
				TEST_HOST = "$(BUILT_PRODUCTS_DIR)/日本語の勉強.app/日本語の勉強";
			};
			name = Release;
		};
		6B5BE1B31C52BE1A00985D73 /* Debug */ = {
			isa = XCBuildConfiguration;
			buildSettings = {
				INFOPLIST_FILE = "日本語の勉強UITests/Info.plist";
				LD_RUNPATH_SEARCH_PATHS = "$(inherited) @executable_path/Frameworks @loader_path/Frameworks";
				PRODUCT_BUNDLE_IDENTIFIER = "-.------UITests";
				PRODUCT_NAME = "$(TARGET_NAME)";
				TEST_TARGET_NAME = "日本語の勉強";
				USES_XCTRUNNER = YES;
			};
			name = Debug;
		};
		6B5BE1B41C52BE1A00985D73 /* Release */ = {
			isa = XCBuildConfiguration;
			buildSettings = {
				INFOPLIST_FILE = "日本語の勉強UITests/Info.plist";
				LD_RUNPATH_SEARCH_PATHS = "$(inherited) @executable_path/Frameworks @loader_path/Frameworks";
				PRODUCT_BUNDLE_IDENTIFIER = "-.------UITests";
				PRODUCT_NAME = "$(TARGET_NAME)";
				TEST_TARGET_NAME = "日本語の勉強";
				USES_XCTRUNNER = YES;
			};
			name = Release;
		};
/* End XCBuildConfiguration section */

/* Begin XCConfigurationList section */
		6B5BE17F1C52BE1A00985D73 /* Build configuration list for PBXProject "日本語の勉強" */ = {
			isa = XCConfigurationList;
			buildConfigurations = (
				6B5BE1AA1C52BE1A00985D73 /* Debug */,
				6B5BE1AB1C52BE1A00985D73 /* Release */,
			);
			defaultConfigurationIsVisible = 0;
			defaultConfigurationName = Release;
		};
		6B5BE1AC1C52BE1A00985D73 /* Build configuration list for PBXNativeTarget "日本語の勉強" */ = {
			isa = XCConfigurationList;
			buildConfigurations = (
				6B5BE1AD1C52BE1A00985D73 /* Debug */,
				6B5BE1AE1C52BE1A00985D73 /* Release */,
			);
			defaultConfigurationIsVisible = 0;
		};
		6B5BE1AF1C52BE1A00985D73 /* Build configuration list for PBXNativeTarget "日本語の勉強Tests" */ = {
			isa = XCConfigurationList;
			buildConfigurations = (
				6B5BE1B01C52BE1A00985D73 /* Debug */,
				6B5BE1B11C52BE1A00985D73 /* Release */,
			);
			defaultConfigurationIsVisible = 0;
		};
		6B5BE1B21C52BE1A00985D73 /* Build configuration list for PBXNativeTarget "日本語の勉強UITests" */ = {
			isa = XCConfigurationList;
			buildConfigurations = (
				6B5BE1B31C52BE1A00985D73 /* Debug */,
				6B5BE1B41C52BE1A00985D73 /* Release */,
			);
			defaultConfigurationIsVisible = 0;
		};
/* End XCConfigurationList section */
	};
	rootObject = 6B5BE17C1C52BE1A00985D73 /* Project object */;
}
